// !$*UTF8*$!
{
	archiveVersion = 1;
	classes = {
	};
	objectVersion = 50;
	objects = {

/* Begin PBXBuildFile section */
		5F158FB323DC4218006F05FB /* AppDelegate.swift in Sources */ = {isa = PBXBuildFile; fileRef = 5F158FB223DC4218006F05FB /* AppDelegate.swift */; };
		5F158FB523DC4218006F05FB /* SceneDelegate.swift in Sources */ = {isa = PBXBuildFile; fileRef = 5F158FB423DC4218006F05FB /* SceneDelegate.swift */; };
		5F158FB723DC4218006F05FB /* BrowserView.swift in Sources */ = {isa = PBXBuildFile; fileRef = 5F158FB623DC4218006F05FB /* BrowserView.swift */; };
		5F158FB923DC4219006F05FB /* Assets.xcassets in Resources */ = {isa = PBXBuildFile; fileRef = 5F158FB823DC4219006F05FB /* Assets.xcassets */; };
		5F158FBC23DC4219006F05FB /* Preview Assets.xcassets in Resources */ = {isa = PBXBuildFile; fileRef = 5F158FBB23DC4219006F05FB /* Preview Assets.xcassets */; };
		5F158FBF23DC4219006F05FB /* LaunchScreen.storyboard in Resources */ = {isa = PBXBuildFile; fileRef = 5F158FBD23DC4219006F05FB /* LaunchScreen.storyboard */; };
		5F158FCD23DC424A006F05FB /* ShopKit.swift in Sources */ = {isa = PBXBuildFile; fileRef = 5F158FCC23DC424A006F05FB /* ShopKit.swift */; };
		5F158FD323DC430D006F05FB /* Product.swift in Sources */ = {isa = PBXBuildFile; fileRef = 5F158FD223DC430D006F05FB /* Product.swift */; };
		5F158FD523DC4415006F05FB /* CartItem.swift in Sources */ = {isa = PBXBuildFile; fileRef = 5F158FD423DC4415006F05FB /* CartItem.swift */; };
		5F158FD823DC4530006F05FB /* Network.swift in Sources */ = {isa = PBXBuildFile; fileRef = 5F158FD723DC4530006F05FB /* Network.swift */; };
		5F158FDA23DC45A2006F05FB /* libShopKit.a in Frameworks */ = {isa = PBXBuildFile; fileRef = 5F158FCA23DC424A006F05FB /* libShopKit.a */; };
		5F158FDF23DC468A006F05FB /* Combine+Extensions.swift in Sources */ = {isa = PBXBuildFile; fileRef = 5F158FDE23DC468A006F05FB /* Combine+Extensions.swift */; };
		5F158FE123DC46E0006F05FB /* Data+Extensions.swift in Sources */ = {isa = PBXBuildFile; fileRef = 5F158FE023DC46E0006F05FB /* Data+Extensions.swift */; };
		5F158FE323DC482E006F05FB /* ShopAPI.swift in Sources */ = {isa = PBXBuildFile; fileRef = 5F158FE223DC482E006F05FB /* ShopAPI.swift */; };
		5F158FE523DC4E8F006F05FB /* ShopRequest.swift in Sources */ = {isa = PBXBuildFile; fileRef = 5F158FE423DC4E8F006F05FB /* ShopRequest.swift */; };
		5F4E6E3723DC902B00034DB0 /* Cart.swift in Sources */ = {isa = PBXBuildFile; fileRef = 5F4E6E3623DC902B00034DB0 /* Cart.swift */; };
		5F4E6E3923DD9F4300034DB0 /* ContentView.swift in Sources */ = {isa = PBXBuildFile; fileRef = 5F4E6E3823DD9F4300034DB0 /* ContentView.swift */; };
		5F96D4B123DDE734009EF25F /* Catalogue.swift in Sources */ = {isa = PBXBuildFile; fileRef = 5F96D4B023DDE734009EF25F /* Catalogue.swift */; };
		5F96D4B323DDEE7B009EF25F /* CartViewModel.swift in Sources */ = {isa = PBXBuildFile; fileRef = 5F96D4B223DDEE7B009EF25F /* CartViewModel.swift */; };
		5FC16D3323DDA3FA00387B4C /* CartView.swift in Sources */ = {isa = PBXBuildFile; fileRef = 5FC16D3223DDA3FA00387B4C /* CartView.swift */; };
		5FC16D3623DDA42100387B4C /* FavouritesView.swift in Sources */ = {isa = PBXBuildFile; fileRef = 5FC16D3523DDA42100387B4C /* FavouritesView.swift */; };
		5FDB18E923DC77840038D5BD /* BrowserViewModel.swift in Sources */ = {isa = PBXBuildFile; fileRef = 5FDB18E823DC77840038D5BD /* BrowserViewModel.swift */; };
		5FDB18EB23DC83920038D5BD /* ProductView.swift in Sources */ = {isa = PBXBuildFile; fileRef = 5FDB18EA23DC83920038D5BD /* ProductView.swift */; };
		5FDB18ED23DC840B0038D5BD /* ProductViewModel.swift in Sources */ = {isa = PBXBuildFile; fileRef = 5FDB18EC23DC840B0038D5BD /* ProductViewModel.swift */; };
/* End PBXBuildFile section */

/* Begin PBXContainerItemProxy section */
		5F158FDB23DC45A6006F05FB /* PBXContainerItemProxy */ = {
			isa = PBXContainerItemProxy;
			containerPortal = 5F158FA723DC4218006F05FB /* Project object */;
			proxyType = 1;
			remoteGlobalIDString = 5F158FC923DC424A006F05FB;
			remoteInfo = ShopKit;
		};
/* End PBXContainerItemProxy section */

/* Begin PBXCopyFilesBuildPhase section */
		5F158FC823DC424A006F05FB /* CopyFiles */ = {
			isa = PBXCopyFilesBuildPhase;
			buildActionMask = 2147483647;
			dstPath = "include/$(PRODUCT_NAME)";
			dstSubfolderSpec = 16;
			files = (
			);
			runOnlyForDeploymentPostprocessing = 0;
		};
/* End PBXCopyFilesBuildPhase section */

/* Begin PBXFileReference section */
		5F158FAF23DC4218006F05FB /* Shopping.app */ = {isa = PBXFileReference; explicitFileType = wrapper.application; includeInIndex = 0; path = Shopping.app; sourceTree = BUILT_PRODUCTS_DIR; };
		5F158FB223DC4218006F05FB /* AppDelegate.swift */ = {isa = PBXFileReference; lastKnownFileType = sourcecode.swift; path = AppDelegate.swift; sourceTree = "<group>"; };
		5F158FB423DC4218006F05FB /* SceneDelegate.swift */ = {isa = PBXFileReference; lastKnownFileType = sourcecode.swift; path = SceneDelegate.swift; sourceTree = "<group>"; };
		5F158FB623DC4218006F05FB /* BrowserView.swift */ = {isa = PBXFileReference; lastKnownFileType = sourcecode.swift; path = BrowserView.swift; sourceTree = "<group>"; };
		5F158FB823DC4219006F05FB /* Assets.xcassets */ = {isa = PBXFileReference; lastKnownFileType = folder.assetcatalog; path = Assets.xcassets; sourceTree = "<group>"; };
		5F158FBB23DC4219006F05FB /* Preview Assets.xcassets */ = {isa = PBXFileReference; lastKnownFileType = folder.assetcatalog; path = "Preview Assets.xcassets"; sourceTree = "<group>"; };
		5F158FBE23DC4219006F05FB /* Base */ = {isa = PBXFileReference; lastKnownFileType = file.storyboard; name = Base; path = Base.lproj/LaunchScreen.storyboard; sourceTree = "<group>"; };
		5F158FC023DC4219006F05FB /* Info.plist */ = {isa = PBXFileReference; lastKnownFileType = text.plist.xml; path = Info.plist; sourceTree = "<group>"; };
		5F158FCA23DC424A006F05FB /* libShopKit.a */ = {isa = PBXFileReference; explicitFileType = archive.ar; includeInIndex = 0; path = libShopKit.a; sourceTree = BUILT_PRODUCTS_DIR; };
		5F158FCC23DC424A006F05FB /* ShopKit.swift */ = {isa = PBXFileReference; lastKnownFileType = sourcecode.swift; path = ShopKit.swift; sourceTree = "<group>"; };
		5F158FD223DC430D006F05FB /* Product.swift */ = {isa = PBXFileReference; lastKnownFileType = sourcecode.swift; path = Product.swift; sourceTree = "<group>"; };
		5F158FD423DC4415006F05FB /* CartItem.swift */ = {isa = PBXFileReference; lastKnownFileType = sourcecode.swift; path = CartItem.swift; sourceTree = "<group>"; };
		5F158FD723DC4530006F05FB /* Network.swift */ = {isa = PBXFileReference; lastKnownFileType = sourcecode.swift; path = Network.swift; sourceTree = "<group>"; };
		5F158FDE23DC468A006F05FB /* Combine+Extensions.swift */ = {isa = PBXFileReference; lastKnownFileType = sourcecode.swift; path = "Combine+Extensions.swift"; sourceTree = "<group>"; };
		5F158FE023DC46E0006F05FB /* Data+Extensions.swift */ = {isa = PBXFileReference; lastKnownFileType = sourcecode.swift; path = "Data+Extensions.swift"; sourceTree = "<group>"; };
		5F158FE223DC482E006F05FB /* ShopAPI.swift */ = {isa = PBXFileReference; lastKnownFileType = sourcecode.swift; path = ShopAPI.swift; sourceTree = "<group>"; };
		5F158FE423DC4E8F006F05FB /* ShopRequest.swift */ = {isa = PBXFileReference; lastKnownFileType = sourcecode.swift; path = ShopRequest.swift; sourceTree = "<group>"; };
		5F4E6E3623DC902B00034DB0 /* Cart.swift */ = {isa = PBXFileReference; lastKnownFileType = sourcecode.swift; path = Cart.swift; sourceTree = "<group>"; };
		5F4E6E3823DD9F4300034DB0 /* ContentView.swift */ = {isa = PBXFileReference; lastKnownFileType = sourcecode.swift; path = ContentView.swift; sourceTree = "<group>"; };
		5F96D4B023DDE734009EF25F /* Catalogue.swift */ = {isa = PBXFileReference; lastKnownFileType = sourcecode.swift; path = Catalogue.swift; sourceTree = "<group>"; };
		5F96D4B223DDEE7B009EF25F /* CartViewModel.swift */ = {isa = PBXFileReference; lastKnownFileType = sourcecode.swift; path = CartViewModel.swift; sourceTree = "<group>"; };
		5FC16D3223DDA3FA00387B4C /* CartView.swift */ = {isa = PBXFileReference; lastKnownFileType = sourcecode.swift; path = CartView.swift; sourceTree = "<group>"; };
		5FC16D3523DDA42100387B4C /* FavouritesView.swift */ = {isa = PBXFileReference; lastKnownFileType = sourcecode.swift; path = FavouritesView.swift; sourceTree = "<group>"; };
		5FDB18E823DC77840038D5BD /* BrowserViewModel.swift */ = {isa = PBXFileReference; lastKnownFileType = sourcecode.swift; path = BrowserViewModel.swift; sourceTree = "<group>"; };
		5FDB18EA23DC83920038D5BD /* ProductView.swift */ = {isa = PBXFileReference; lastKnownFileType = sourcecode.swift; path = ProductView.swift; sourceTree = "<group>"; };
		5FDB18EC23DC840B0038D5BD /* ProductViewModel.swift */ = {isa = PBXFileReference; lastKnownFileType = sourcecode.swift; path = ProductViewModel.swift; sourceTree = "<group>"; };
/* End PBXFileReference section */

/* Begin PBXFrameworksBuildPhase section */
		5F158FAC23DC4218006F05FB /* Frameworks */ = {
			isa = PBXFrameworksBuildPhase;
			buildActionMask = 2147483647;
			files = (
				5F158FDA23DC45A2006F05FB /* libShopKit.a in Frameworks */,
			);
			runOnlyForDeploymentPostprocessing = 0;
		};
		5F158FC723DC424A006F05FB /* Frameworks */ = {
			isa = PBXFrameworksBuildPhase;
			buildActionMask = 2147483647;
			files = (
			);
			runOnlyForDeploymentPostprocessing = 0;
		};
/* End PBXFrameworksBuildPhase section */

/* Begin PBXGroup section */
		5F158FA623DC4218006F05FB = {
			isa = PBXGroup;
			children = (
				5F158FB123DC4218006F05FB /* Shopping */,
				5F158FCB23DC424A006F05FB /* ShopKit */,
				5F158FB023DC4218006F05FB /* Products */,
				5F158FD923DC45A2006F05FB /* Frameworks */,
			);
			sourceTree = "<group>";
		};
		5F158FB023DC4218006F05FB /* Products */ = {
			isa = PBXGroup;
			children = (
				5F158FAF23DC4218006F05FB /* Shopping.app */,
				5F158FCA23DC424A006F05FB /* libShopKit.a */,
			);
			name = Products;
			sourceTree = "<group>";
		};
		5F158FB123DC4218006F05FB /* Shopping */ = {
			isa = PBXGroup;
			children = (
				5FD2A41123DC7612006D6AF7 /* Application */,
				5FD2A41223DC761F006D6AF7 /* Views */,
				5F158FB823DC4219006F05FB /* Assets.xcassets */,
				5F158FBD23DC4219006F05FB /* LaunchScreen.storyboard */,
				5F158FC023DC4219006F05FB /* Info.plist */,
				5F158FBA23DC4219006F05FB /* Preview Content */,
			);
			path = Shopping;
			sourceTree = "<group>";
		};
		5F158FBA23DC4219006F05FB /* Preview Content */ = {
			isa = PBXGroup;
			children = (
				5F158FBB23DC4219006F05FB /* Preview Assets.xcassets */,
			);
			path = "Preview Content";
			sourceTree = "<group>";
		};
		5F158FCB23DC424A006F05FB /* ShopKit */ = {
			isa = PBXGroup;
			children = (
				5F158FDD23DC4659006F05FB /* Foundation */,
				5F158FD623DC448F006F05FB /* Network */,
				5F158FD123DC4282006F05FB /* Models */,
				5F158FCC23DC424A006F05FB /* ShopKit.swift */,
			);
			path = ShopKit;
			sourceTree = "<group>";
		};
		5F158FD123DC4282006F05FB /* Models */ = {
			isa = PBXGroup;
			children = (
				5F158FD223DC430D006F05FB /* Product.swift */,
				5F158FD423DC4415006F05FB /* CartItem.swift */,
				5F4E6E3623DC902B00034DB0 /* Cart.swift */,
				5F96D4B023DDE734009EF25F /* Catalogue.swift */,
			);
			path = Models;
			sourceTree = "<group>";
		};
		5F158FD623DC448F006F05FB /* Network */ = {
			isa = PBXGroup;
			children = (
				5F158FD723DC4530006F05FB /* Network.swift */,
				5F158FE223DC482E006F05FB /* ShopAPI.swift */,
				5F158FE423DC4E8F006F05FB /* ShopRequest.swift */,
			);
			path = Network;
			sourceTree = "<group>";
		};
		5F158FD923DC45A2006F05FB /* Frameworks */ = {
			isa = PBXGroup;
			children = (
			);
			name = Frameworks;
			sourceTree = "<group>";
		};
		5F158FDD23DC4659006F05FB /* Foundation */ = {
			isa = PBXGroup;
			children = (
				5F158FDE23DC468A006F05FB /* Combine+Extensions.swift */,
				5F158FE023DC46E0006F05FB /* Data+Extensions.swift */,
			);
			path = Foundation;
			sourceTree = "<group>";
		};
		5FC16D3123DDA3C900387B4C /* Cart */ = {
			isa = PBXGroup;
			children = (
				5FC16D3223DDA3FA00387B4C /* CartView.swift */,
				5F96D4B223DDEE7B009EF25F /* CartViewModel.swift */,
			);
			path = Cart;
			sourceTree = "<group>";
		};
		5FC16D3423DDA40800387B4C /* Favourites */ = {
			isa = PBXGroup;
			children = (
				5FC16D3523DDA42100387B4C /* FavouritesView.swift */,
			);
			path = Favourites;
			sourceTree = "<group>";
		};
		5FD2A41123DC7612006D6AF7 /* Application */ = {
			isa = PBXGroup;
			children = (
				5F158FB223DC4218006F05FB /* AppDelegate.swift */,
				5F158FB423DC4218006F05FB /* SceneDelegate.swift */,
			);
			path = Application;
			sourceTree = "<group>";
		};
		5FD2A41223DC761F006D6AF7 /* Views */ = {
			isa = PBXGroup;
			children = (
				5FC16D3423DDA40800387B4C /* Favourites */,
				5FC16D3123DDA3C900387B4C /* Cart */,
				5FDB18EE23DC84270038D5BD /* Product */,
				5FD2A41323DC7638006D6AF7 /* Browser */,
				5F4E6E3823DD9F4300034DB0 /* ContentView.swift */,
			);
			path = Views;
			sourceTree = "<group>";
		};
		5FD2A41323DC7638006D6AF7 /* Browser */ = {
			isa = PBXGroup;
			children = (
				5F158FB623DC4218006F05FB /* BrowserView.swift */,
				5FDB18E823DC77840038D5BD /* BrowserViewModel.swift */,
			);
			path = Browser;
			sourceTree = "<group>";
		};
		5FDB18EE23DC84270038D5BD /* Product */ = {
			isa = PBXGroup;
			children = (
				5FDB18EA23DC83920038D5BD /* ProductView.swift */,
				5FDB18EC23DC840B0038D5BD /* ProductViewModel.swift */,
			);
			path = Product;
			sourceTree = "<group>";
		};
/* End PBXGroup section */

/* Begin PBXNativeTarget section */
		5F158FAE23DC4218006F05FB /* Shopping */ = {
			isa = PBXNativeTarget;
			buildConfigurationList = 5F158FC323DC4219006F05FB /* Build configuration list for PBXNativeTarget "Shopping" */;
			buildPhases = (
				5F158FAB23DC4218006F05FB /* Sources */,
				5F158FAC23DC4218006F05FB /* Frameworks */,
				5F158FAD23DC4218006F05FB /* Resources */,
			);
			buildRules = (
			);
			dependencies = (
				5F158FDC23DC45A6006F05FB /* PBXTargetDependency */,
			);
			name = Shopping;
			productName = Shopping;
			productReference = 5F158FAF23DC4218006F05FB /* Shopping.app */;
			productType = "com.apple.product-type.application";
		};
		5F158FC923DC424A006F05FB /* ShopKit */ = {
			isa = PBXNativeTarget;
			buildConfigurationList = 5F158FCE23DC424A006F05FB /* Build configuration list for PBXNativeTarget "ShopKit" */;
			buildPhases = (
				5F158FC623DC424A006F05FB /* Sources */,
				5F158FC723DC424A006F05FB /* Frameworks */,
				5F158FC823DC424A006F05FB /* CopyFiles */,
			);
			buildRules = (
			);
			dependencies = (
			);
			name = ShopKit;
			productName = ShopKit;
			productReference = 5F158FCA23DC424A006F05FB /* libShopKit.a */;
			productType = "com.apple.product-type.library.static";
		};
/* End PBXNativeTarget section */

/* Begin PBXProject section */
		5F158FA723DC4218006F05FB /* Project object */ = {
			isa = PBXProject;
			attributes = {
				LastSwiftUpdateCheck = 1130;
				LastUpgradeCheck = 1130;
				ORGANIZATIONNAME = HernanGonzalez;
				TargetAttributes = {
					5F158FAE23DC4218006F05FB = {
						CreatedOnToolsVersion = 11.3;
					};
					5F158FC923DC424A006F05FB = {
						CreatedOnToolsVersion = 11.3;
					};
				};
			};
			buildConfigurationList = 5F158FAA23DC4218006F05FB /* Build configuration list for PBXProject "Shopping" */;
			compatibilityVersion = "Xcode 9.3";
			developmentRegion = en;
			hasScannedForEncodings = 0;
			knownRegions = (
				en,
				Base,
			);
			mainGroup = 5F158FA623DC4218006F05FB;
			productRefGroup = 5F158FB023DC4218006F05FB /* Products */;
			projectDirPath = "";
			projectRoot = "";
			targets = (
				5F158FAE23DC4218006F05FB /* Shopping */,
				5F158FC923DC424A006F05FB /* ShopKit */,
			);
		};
/* End PBXProject section */

/* Begin PBXResourcesBuildPhase section */
		5F158FAD23DC4218006F05FB /* Resources */ = {
			isa = PBXResourcesBuildPhase;
			buildActionMask = 2147483647;
			files = (
				5F158FBF23DC4219006F05FB /* LaunchScreen.storyboard in Resources */,
				5F158FBC23DC4219006F05FB /* Preview Assets.xcassets in Resources */,
				5F158FB923DC4219006F05FB /* Assets.xcassets in Resources */,
			);
			runOnlyForDeploymentPostprocessing = 0;
		};
/* End PBXResourcesBuildPhase section */

/* Begin PBXSourcesBuildPhase section */
		5F158FAB23DC4218006F05FB /* Sources */ = {
			isa = PBXSourcesBuildPhase;
			buildActionMask = 2147483647;
			files = (
				5FDB18EB23DC83920038D5BD /* ProductView.swift in Sources */,
				5FC16D3623DDA42100387B4C /* FavouritesView.swift in Sources */,
				5F158FB323DC4218006F05FB /* AppDelegate.swift in Sources */,
				5F4E6E3923DD9F4300034DB0 /* ContentView.swift in Sources */,
				5FDB18ED23DC840B0038D5BD /* ProductViewModel.swift in Sources */,
				5FDB18E923DC77840038D5BD /* BrowserViewModel.swift in Sources */,
				5F96D4B323DDEE7B009EF25F /* CartViewModel.swift in Sources */,
				5F158FB523DC4218006F05FB /* SceneDelegate.swift in Sources */,
				5FC16D3323DDA3FA00387B4C /* CartView.swift in Sources */,
				5F158FB723DC4218006F05FB /* BrowserView.swift in Sources */,
			);
			runOnlyForDeploymentPostprocessing = 0;
		};
		5F158FC623DC424A006F05FB /* Sources */ = {
			isa = PBXSourcesBuildPhase;
			buildActionMask = 2147483647;
			files = (
				5F158FCD23DC424A006F05FB /* ShopKit.swift in Sources */,
				5F4E6E3723DC902B00034DB0 /* Cart.swift in Sources */,
				5F158FDF23DC468A006F05FB /* Combine+Extensions.swift in Sources */,
				5F158FD523DC4415006F05FB /* CartItem.swift in Sources */,
				5F158FE123DC46E0006F05FB /* Data+Extensions.swift in Sources */,
				5F158FD823DC4530006F05FB /* Network.swift in Sources */,
				5F158FE323DC482E006F05FB /* ShopAPI.swift in Sources */,
				5F158FD323DC430D006F05FB /* Product.swift in Sources */,
				5F158FE523DC4E8F006F05FB /* ShopRequest.swift in Sources */,
				5F96D4B123DDE734009EF25F /* Catalogue.swift in Sources */,
			);
			runOnlyForDeploymentPostprocessing = 0;
		};
/* End PBXSourcesBuildPhase section */

/* Begin PBXTargetDependency section */
		5F158FDC23DC45A6006F05FB /* PBXTargetDependency */ = {
			isa = PBXTargetDependency;
			target = 5F158FC923DC424A006F05FB /* ShopKit */;
			targetProxy = 5F158FDB23DC45A6006F05FB /* PBXContainerItemProxy */;
		};
/* End PBXTargetDependency section */

/* Begin PBXVariantGroup section */
		5F158FBD23DC4219006F05FB /* LaunchScreen.storyboard */ = {
			isa = PBXVariantGroup;
			children = (
				5F158FBE23DC4219006F05FB /* Base */,
			);
			name = LaunchScreen.storyboard;
			sourceTree = "<group>";
		};
/* End PBXVariantGroup section */

/* Begin XCBuildConfiguration section */
		5F158FC123DC4219006F05FB /* Debug */ = {
			isa = XCBuildConfiguration;
			buildSettings = {
				ALWAYS_SEARCH_USER_PATHS = NO;
				CLANG_ANALYZER_NONNULL = YES;
				CLANG_ANALYZER_NUMBER_OBJECT_CONVERSION = YES_AGGRESSIVE;
				CLANG_CXX_LANGUAGE_STANDARD = "gnu++14";
				CLANG_CXX_LIBRARY = "libc++";
				CLANG_ENABLE_MODULES = YES;
				CLANG_ENABLE_OBJC_ARC = YES;
				CLANG_ENABLE_OBJC_WEAK = YES;
				CLANG_WARN_BLOCK_CAPTURE_AUTORELEASING = YES;
				CLANG_WARN_BOOL_CONVERSION = YES;
				CLANG_WARN_COMMA = YES;
				CLANG_WARN_CONSTANT_CONVERSION = YES;
				CLANG_WARN_DEPRECATED_OBJC_IMPLEMENTATIONS = YES;
				CLANG_WARN_DIRECT_OBJC_ISA_USAGE = YES_ERROR;
				CLANG_WARN_DOCUMENTATION_COMMENTS = YES;
				CLANG_WARN_EMPTY_BODY = YES;
				CLANG_WARN_ENUM_CONVERSION = YES;
				CLANG_WARN_INFINITE_RECURSION = YES;
				CLANG_WARN_INT_CONVERSION = YES;
				CLANG_WARN_NON_LITERAL_NULL_CONVERSION = YES;
				CLANG_WARN_OBJC_IMPLICIT_RETAIN_SELF = YES;
				CLANG_WARN_OBJC_LITERAL_CONVERSION = YES;
				CLANG_WARN_OBJC_ROOT_CLASS = YES_ERROR;
				CLANG_WARN_RANGE_LOOP_ANALYSIS = YES;
				CLANG_WARN_STRICT_PROTOTYPES = YES;
				CLANG_WARN_SUSPICIOUS_MOVE = YES;
				CLANG_WARN_UNGUARDED_AVAILABILITY = YES_AGGRESSIVE;
				CLANG_WARN_UNREACHABLE_CODE = YES;
				CLANG_WARN__DUPLICATE_METHOD_MATCH = YES;
				COPY_PHASE_STRIP = NO;
				DEBUG_INFORMATION_FORMAT = dwarf;
				ENABLE_STRICT_OBJC_MSGSEND = YES;
				ENABLE_TESTABILITY = YES;
				GCC_C_LANGUAGE_STANDARD = gnu11;
				GCC_DYNAMIC_NO_PIC = NO;
				GCC_NO_COMMON_BLOCKS = YES;
				GCC_OPTIMIZATION_LEVEL = 0;
				GCC_PREPROCESSOR_DEFINITIONS = (
					"DEBUG=1",
					"$(inherited)",
				);
				GCC_WARN_64_TO_32_BIT_CONVERSION = YES;
				GCC_WARN_ABOUT_RETURN_TYPE = YES_ERROR;
				GCC_WARN_UNDECLARED_SELECTOR = YES;
				GCC_WARN_UNINITIALIZED_AUTOS = YES_AGGRESSIVE;
				GCC_WARN_UNUSED_FUNCTION = YES;
				GCC_WARN_UNUSED_VARIABLE = YES;
				IPHONEOS_DEPLOYMENT_TARGET = 13.2;
				MTL_ENABLE_DEBUG_INFO = INCLUDE_SOURCE;
				MTL_FAST_MATH = YES;
				ONLY_ACTIVE_ARCH = YES;
				SDKROOT = iphoneos;
				SWIFT_ACTIVE_COMPILATION_CONDITIONS = DEBUG;
				SWIFT_OPTIMIZATION_LEVEL = "-Onone";
			};
			name = Debug;
		};
		5F158FC223DC4219006F05FB /* Release */ = {
			isa = XCBuildConfiguration;
			buildSettings = {
				ALWAYS_SEARCH_USER_PATHS = NO;
				CLANG_ANALYZER_NONNULL = YES;
				CLANG_ANALYZER_NUMBER_OBJECT_CONVERSION = YES_AGGRESSIVE;
				CLANG_CXX_LANGUAGE_STANDARD = "gnu++14";
				CLANG_CXX_LIBRARY = "libc++";
				CLANG_ENABLE_MODULES = YES;
				CLANG_ENABLE_OBJC_ARC = YES;
				CLANG_ENABLE_OBJC_WEAK = YES;
				CLANG_WARN_BLOCK_CAPTURE_AUTORELEASING = YES;
				CLANG_WARN_BOOL_CONVERSION = YES;
				CLANG_WARN_COMMA = YES;
				CLANG_WARN_CONSTANT_CONVERSION = YES;
				CLANG_WARN_DEPRECATED_OBJC_IMPLEMENTATIONS = YES;
				CLANG_WARN_DIRECT_OBJC_ISA_USAGE = YES_ERROR;
				CLANG_WARN_DOCUMENTATION_COMMENTS = YES;
				CLANG_WARN_EMPTY_BODY = YES;
				CLANG_WARN_ENUM_CONVERSION = YES;
				CLANG_WARN_INFINITE_RECURSION = YES;
				CLANG_WARN_INT_CONVERSION = YES;
				CLANG_WARN_NON_LITERAL_NULL_CONVERSION = YES;
				CLANG_WARN_OBJC_IMPLICIT_RETAIN_SELF = YES;
				CLANG_WARN_OBJC_LITERAL_CONVERSION = YES;
				CLANG_WARN_OBJC_ROOT_CLASS = YES_ERROR;
				CLANG_WARN_RANGE_LOOP_ANALYSIS = YES;
				CLANG_WARN_STRICT_PROTOTYPES = YES;
				CLANG_WARN_SUSPICIOUS_MOVE = YES;
				CLANG_WARN_UNGUARDED_AVAILABILITY = YES_AGGRESSIVE;
				CLANG_WARN_UNREACHABLE_CODE = YES;
				CLANG_WARN__DUPLICATE_METHOD_MATCH = YES;
				COPY_PHASE_STRIP = NO;
				DEBUG_INFORMATION_FORMAT = "dwarf-with-dsym";
				ENABLE_NS_ASSERTIONS = NO;
				ENABLE_STRICT_OBJC_MSGSEND = YES;
				GCC_C_LANGUAGE_STANDARD = gnu11;
				GCC_NO_COMMON_BLOCKS = YES;
				GCC_WARN_64_TO_32_BIT_CONVERSION = YES;
				GCC_WARN_ABOUT_RETURN_TYPE = YES_ERROR;
				GCC_WARN_UNDECLARED_SELECTOR = YES;
				GCC_WARN_UNINITIALIZED_AUTOS = YES_AGGRESSIVE;
				GCC_WARN_UNUSED_FUNCTION = YES;
				GCC_WARN_UNUSED_VARIABLE = YES;
				IPHONEOS_DEPLOYMENT_TARGET = 13.2;
				MTL_ENABLE_DEBUG_INFO = NO;
				MTL_FAST_MATH = YES;
				SDKROOT = iphoneos;
				SWIFT_COMPILATION_MODE = wholemodule;
				SWIFT_OPTIMIZATION_LEVEL = "-O";
				VALIDATE_PRODUCT = YES;
			};
			name = Release;
		};
		5F158FC423DC4219006F05FB /* Debug */ = {
			isa = XCBuildConfiguration;
			buildSettings = {
				ASSETCATALOG_COMPILER_APPICON_NAME = AppIcon;
				CODE_SIGN_IDENTITY = "iPhone Developer";
				CODE_SIGN_STYLE = Manual;
				DEVELOPMENT_ASSET_PATHS = "\"Shopping/Preview Content\"";
				DEVELOPMENT_TEAM = 76F4MTSZD3;
				ENABLE_PREVIEWS = YES;
				INFOPLIST_FILE = Shopping/Info.plist;
				LD_RUNPATH_SEARCH_PATHS = (
					"$(inherited)",
					"@executable_path/Frameworks",
				);
				PRODUCT_BUNDLE_IDENTIFIER = com.hernan.Shopping;
				PRODUCT_NAME = "$(TARGET_NAME)";
				PROVISIONING_PROFILE_SPECIFIER = xc_wildcard;
				SWIFT_VERSION = 5.0;
				TARGETED_DEVICE_FAMILY = "1,2";
			};
			name = Debug;
		};
		5F158FC523DC4219006F05FB /* Release */ = {
			isa = XCBuildConfiguration;
			buildSettings = {
				ASSETCATALOG_COMPILER_APPICON_NAME = AppIcon;
				CODE_SIGN_IDENTITY = "iPhone Developer";
				CODE_SIGN_STYLE = Manual;
				DEVELOPMENT_ASSET_PATHS = "\"Shopping/Preview Content\"";
				DEVELOPMENT_TEAM = 76F4MTSZD3;
				ENABLE_PREVIEWS = YES;
				INFOPLIST_FILE = Shopping/Info.plist;
				LD_RUNPATH_SEARCH_PATHS = (
					"$(inherited)",
					"@executable_path/Frameworks",
				);
				PRODUCT_BUNDLE_IDENTIFIER = com.hernan.Shopping;
				PRODUCT_NAME = "$(TARGET_NAME)";
				PROVISIONING_PROFILE_SPECIFIER = xc_wildcard;
				SWIFT_VERSION = 5.0;
				TARGETED_DEVICE_FAMILY = "1,2";
			};
			name = Release;
		};
		5F158FCF23DC424A006F05FB /* Debug */ = {
			isa = XCBuildConfiguration;
			buildSettings = {
				CODE_SIGN_STYLE = Automatic;
				OTHER_LDFLAGS = "-ObjC";
				PRODUCT_NAME = "$(TARGET_NAME)";
				SKIP_INSTALL = YES;
				SWIFT_VERSION = 5.0;
				TARGETED_DEVICE_FAMILY = "1,2";
			};
			name = Debug;
		};
		5F158FD023DC424A006F05FB /* Release */ = {
			isa = XCBuildConfiguration;
			buildSettings = {
				CODE_SIGN_STYLE = Automatic;
				OTHER_LDFLAGS = "-ObjC";
				PRODUCT_NAME = "$(TARGET_NAME)";
				SKIP_INSTALL = YES;
				SWIFT_VERSION = 5.0;
				TARGETED_DEVICE_FAMILY = "1,2";
			};
			name = Release;
		};
/* End XCBuildConfiguration section */

/* Begin XCConfigurationList section */
		5F158FAA23DC4218006F05FB /* Build configuration list for PBXProject "Shopping" */ = {
			isa = XCConfigurationList;
			buildConfigurations = (
				5F158FC123DC4219006F05FB /* Debug */,
				5F158FC223DC4219006F05FB /* Release */,
			);
			defaultConfigurationIsVisible = 0;
			defaultConfigurationName = Release;
		};
		5F158FC323DC4219006F05FB /* Build configuration list for PBXNativeTarget "Shopping" */ = {
			isa = XCConfigurationList;
			buildConfigurations = (
				5F158FC423DC4219006F05FB /* Debug */,
				5F158FC523DC4219006F05FB /* Release */,
			);
			defaultConfigurationIsVisible = 0;
			defaultConfigurationName = Release;
		};
		5F158FCE23DC424A006F05FB /* Build configuration list for PBXNativeTarget "ShopKit" */ = {
			isa = XCConfigurationList;
			buildConfigurations = (
				5F158FCF23DC424A006F05FB /* Debug */,
				5F158FD023DC424A006F05FB /* Release */,
			);
			defaultConfigurationIsVisible = 0;
			defaultConfigurationName = Release;
		};
/* End XCConfigurationList section */
	};
	rootObject = 5F158FA723DC4218006F05FB /* Project object */;
}
